
Microsoft Visual Studio Solution File, Format Version 12.00
# Visual Studio 15
VisualStudioVersion = 15.0.27428.2037
MinimumVisualStudioVersion = 10.0.40219.1
Project("{FAE04EC0-301F-11D3-BF4B-00C04F79EFBC}") = "Pattern_Observer", "Pattern_Observer\Pattern_Observer.csproj", "{EFD4DEA9-EDF6-43D8-BE95-D3A8F4A095B6}"
EndProject
Global
	GlobalSection(SolutionConfigurationPlatforms) = preSolution
		Debug|Any CPU = Debug|Any CPU
		Release|Any CPU = Release|Any CPU
	EndGlobalSection
	GlobalSection(ProjectConfigurationPlatforms) = postSolution
		{EFD4DEA9-EDF6-43D8-BE95-D3A8F4A095B6}.Debug|Any CPU.ActiveCfg = Debug|Any CPU
		{EFD4DEA9-EDF6-43D8-BE95-D3A8F4A095B6}.Debug|Any CPU.Build.0 = Debug|Any CPU
		{EFD4DEA9-EDF6-43D8-BE95-D3A8F4A095B6}.Release|Any CPU.ActiveCfg = Release|Any CPU
		{EFD4DEA9-EDF6-43D8-BE95-D3A8F4A095B6}.Release|Any CPU.Build.0 = Release|Any CPU
	EndGlobalSection
	GlobalSection(SolutionProperties) = preSolution
		HideSolutionNode = FALSE
	EndGlobalSection
	GlobalSection(ExtensibilityGlobals) = postSolution
		SolutionGuid = {2445ACC9-F0FC-4D3A-81FD-22D8F88491F8}
	EndGlobalSection
EndGlobal
